
Microsoft Visual Studio Solution File, Format Version 12.00
# Visual Studio Version 16
VisualStudioVersion = 16.0.29306.81
MinimumVisualStudioVersion = 10.0.40219.1
Project("{FAE04EC0-301F-11D3-BF4B-00C04F79EFBC}") = "ApplicationAppraisal", "ApplicationAppraisal\ApplicationAppraisal.csproj", "{D26818F1-0FB5-4C21-8E74-ABE3DF3B26B5}"
EndProject
Project("{FAE04EC0-301F-11D3-BF4B-00C04F79EFBC}") = "UnitTestProject1", "UnitTestProject1\UnitTestProject1.csproj", "{907FF3DB-A6DF-4EB6-89CA-02BFAFA6D972}"
EndProject
Global
	GlobalSection(SolutionConfigurationPlatforms) = preSolution
		Debug|Any CPU = Debug|Any CPU
		Release|Any CPU = Release|Any CPU
	EndGlobalSection
	GlobalSection(ProjectConfigurationPlatforms) = postSolution
		{D26818F1-0FB5-4C21-8E74-ABE3DF3B26B5}.Debug|Any CPU.ActiveCfg = Debug|Any CPU
		{D26818F1-0FB5-4C21-8E74-ABE3DF3B26B5}.Debug|Any CPU.Build.0 = Debug|Any CPU
		{D26818F1-0FB5-4C21-8E74-ABE3DF3B26B5}.Release|Any CPU.ActiveCfg = Release|Any CPU
		{D26818F1-0FB5-4C21-8E74-ABE3DF3B26B5}.Release|Any CPU.Build.0 = Release|Any CPU
		{907FF3DB-A6DF-4EB6-89CA-02BFAFA6D972}.Debug|Any CPU.ActiveCfg = Debug|Any CPU
		{907FF3DB-A6DF-4EB6-89CA-02BFAFA6D972}.Debug|Any CPU.Build.0 = Debug|Any CPU
		{907FF3DB-A6DF-4EB6-89CA-02BFAFA6D972}.Release|Any CPU.ActiveCfg = Release|Any CPU
		{907FF3DB-A6DF-4EB6-89CA-02BFAFA6D972}.Release|Any CPU.Build.0 = Release|Any CPU
	EndGlobalSection
	GlobalSection(SolutionProperties) = preSolution
		HideSolutionNode = FALSE
	EndGlobalSection
	GlobalSection(ExtensibilityGlobals) = postSolution
		SolutionGuid = {97EC3628-0474-407D-81CB-5717192EBB45}
	EndGlobalSection
EndGlobal
